
Microsoft Visual Studio Solution File, Format Version 12.00
# Visual Studio Version 17
VisualStudioVersion = 17.5.33414.496
MinimumVisualStudioVersion = 10.0.40219.1
Project("{8BC9CEB8-8B4A-11D0-8D11-00A0C91BC942}") = "STATICMEMBER_141", "STATICMEMBER_141\STATICMEMBER_141.vcxproj", "{7CD74BBA-3144-4CFF-A521-F7A62D211066}"
EndProject
Project("{8BC9CEB8-8B4A-11D0-8D11-00A0C91BC942}") = "chainfunction_141", "chainfunction_141\chainfunction_141.vcxproj", "{24A108FD-370C-422A-81F1-CC6A8E63EB20}"
EndProject
Project("{8BC9CEB8-8B4A-11D0-8D11-00A0C91BC942}") = "Destruktor_141", "Destruktor_141\Destruktor_141.vcxproj", "{D2EBB6B1-59EF-4477-B3B7-74033ECA46B8}"
EndProject
Project("{8BC9CEB8-8B4A-11D0-8D11-00A0C91BC942}") = "Konstruktor_141", "Konstruktor_141\Konstruktor_141.vcxproj", "{5049BAA3-23D7-4505-BEB8-7A3E5E1C162A}"
EndProject
Global
	GlobalSection(SolutionConfigurationPlatforms) = preSolution
		Debug|x64 = Debug|x64
		Debug|x86 = Debug|x86
		Release|x64 = Release|x64
		Release|x86 = Release|x86
	EndGlobalSection
	GlobalSection(ProjectConfigurationPlatforms) = postSolution
		{7CD74BBA-3144-4CFF-A521-F7A62D211066}.Debug|x64.ActiveCfg = Debug|x64
		{7CD74BBA-3144-4CFF-A521-F7A62D211066}.Debug|x64.Build.0 = Debug|x64
		{7CD74BBA-3144-4CFF-A521-F7A62D211066}.Debug|x86.ActiveCfg = Debug|Win32
		{7CD74BBA-3144-4CFF-A521-F7A62D211066}.Debug|x86.Build.0 = Debug|Win32
		{7CD74BBA-3144-4CFF-A521-F7A62D211066}.Release|x64.ActiveCfg = Release|x64
		{7CD74BBA-3144-4CFF-A521-F7A62D211066}.Release|x64.Build.0 = Release|x64
		{7CD74BBA-3144-4CFF-A521-F7A62D211066}.Release|x86.ActiveCfg = Release|Win32
		{7CD74BBA-3144-4CFF-A521-F7A62D211066}.Release|x86.Build.0 = Release|Win32
		{24A108FD-370C-422A-81F1-CC6A8E63EB20}.Debug|x64.ActiveCfg = Debug|x64
		{24A108FD-370C-422A-81F1-CC6A8E63EB20}.Debug|x64.Build.0 = Debug|x64
		{24A108FD-370C-422A-81F1-CC6A8E63EB20}.Debug|x86.ActiveCfg = Debug|Win32
		{24A108FD-370C-422A-81F1-CC6A8E63EB20}.Debug|x86.Build.0 = Debug|Win32
		{24A108FD-370C-422A-81F1-CC6A8E63EB20}.Release|x64.ActiveCfg = Release|x64
		{24A108FD-370C-422A-81F1-CC6A8E63EB20}.Release|x64.Build.0 = Release|x64
		{24A108FD-370C-422A-81F1-CC6A8E63EB20}.Release|x86.ActiveCfg = Release|Win32
		{24A108FD-370C-422A-81F1-CC6A8E63EB20}.Release|x86.Build.0 = Release|Win32
		{D2EBB6B1-59EF-4477-B3B7-74033ECA46B8}.Debug|x64.ActiveCfg = Debug|x64
		{D2EBB6B1-59EF-4477-B3B7-74033ECA46B8}.Debug|x64.Build.0 = Debug|x64
		{D2EBB6B1-59EF-4477-B3B7-74033ECA46B8}.Debug|x86.ActiveCfg = Debug|Win32
		{D2EBB6B1-59EF-4477-B3B7-74033ECA46B8}.Debug|x86.Build.0 = Debug|Win32
		{D2EBB6B1-59EF-4477-B3B7-74033ECA46B8}.Release|x64.ActiveCfg = Release|x64
		{D2EBB6B1-59EF-4477-B3B7-74033ECA46B8}.Release|x64.Build.0 = Release|x64
		{D2EBB6B1-59EF-4477-B3B7-74033ECA46B8}.Release|x86.ActiveCfg = Release|Win32
		{D2EBB6B1-59EF-4477-B3B7-74033ECA46B8}.Release|x86.Build.0 = Release|Win32
		{5049BAA3-23D7-4505-BEB8-7A3E5E1C162A}.Debug|x64.ActiveCfg = Debug|x64
		{5049BAA3-23D7-4505-BEB8-7A3E5E1C162A}.Debug|x64.Build.0 = Debug|x64
		{5049BAA3-23D7-4505-BEB8-7A3E5E1C162A}.Debug|x86.ActiveCfg = Debug|Win32
		{5049BAA3-23D7-4505-BEB8-7A3E5E1C162A}.Debug|x86.Build.0 = Debug|Win32
		{5049BAA3-23D7-4505-BEB8-7A3E5E1C162A}.Release|x64.ActiveCfg = Release|x64
		{5049BAA3-23D7-4505-BEB8-7A3E5E1C162A}.Release|x64.Build.0 = Release|x64
		{5049BAA3-23D7-4505-BEB8-7A3E5E1C162A}.Release|x86.ActiveCfg = Release|Win32
		{5049BAA3-23D7-4505-BEB8-7A3E5E1C162A}.Release|x86.Build.0 = Release|Win32
	EndGlobalSection
	GlobalSection(SolutionProperties) = preSolution
		HideSolutionNode = FALSE
	EndGlobalSection
	GlobalSection(ExtensibilityGlobals) = postSolution
		SolutionGuid = {2C9D769E-87B2-4BB0-85C8-8E919C77A33E}
	EndGlobalSection
EndGlobal
